
Microsoft Visual Studio Solution File, Format Version 12.00
# Visual Studio Version 17
VisualStudioVersion = 17.14.36121.58 d17.14
MinimumVisualStudioVersion = 10.0.40219.1
Project("{FAE04EC0-301F-11D3-BF4B-00C04F79EFBC}") = "L2_Teste_Tecnico", "L2_Teste_Tecnico\L2_Teste_Tecnico.csproj", "{A7A0E17D-FB7D-475F-8562-7B01350865F1}"
EndProject
Global
	GlobalSection(SolutionConfigurationPlatforms) = preSolution
		Debug|Any CPU = Debug|Any CPU
		Release|Any CPU = Release|Any CPU
	EndGlobalSection
	GlobalSection(ProjectConfigurationPlatforms) = postSolution
		{A7A0E17D-FB7D-475F-8562-7B01350865F1}.Debug|Any CPU.ActiveCfg = Debug|Any CPU
		{A7A0E17D-FB7D-475F-8562-7B01350865F1}.Debug|Any CPU.Build.0 = Debug|Any CPU
		{A7A0E17D-FB7D-475F-8562-7B01350865F1}.Release|Any CPU.ActiveCfg = Release|Any CPU
		{A7A0E17D-FB7D-475F-8562-7B01350865F1}.Release|Any CPU.Build.0 = Release|Any CPU
	EndGlobalSection
	GlobalSection(SolutionProperties) = preSolution
		HideSolutionNode = FALSE
	EndGlobalSection
	GlobalSection(ExtensibilityGlobals) = postSolution
		SolutionGuid = {4FC5D85D-CC8E-4A23-9B5B-57228F231D2F}
	EndGlobalSection
EndGlobal
